
Microsoft Visual Studio Solution File, Format Version 12.00
# Visual Studio Version 17
VisualStudioVersion = 17.13.35931.197 d17.13
MinimumVisualStudioVersion = 10.0.40219.1
Project("{FAE04EC0-301F-11D3-BF4B-00C04F79EFBC}") = "LectorTxt", "AbrirTxt\LectorTxt.csproj", "{594749BE-51A7-43A3-835E-793013E8C1AF}"
EndProject
Global
	GlobalSection(SolutionConfigurationPlatforms) = preSolution
		Debug|Any CPU = Debug|Any CPU
		Release|Any CPU = Release|Any CPU
	EndGlobalSection
	GlobalSection(ProjectConfigurationPlatforms) = postSolution
		{594749BE-51A7-43A3-835E-793013E8C1AF}.Debug|Any CPU.ActiveCfg = Debug|Any CPU
		{594749BE-51A7-43A3-835E-793013E8C1AF}.Debug|Any CPU.Build.0 = Debug|Any CPU
		{594749BE-51A7-43A3-835E-793013E8C1AF}.Release|Any CPU.ActiveCfg = Release|Any CPU
		{594749BE-51A7-43A3-835E-793013E8C1AF}.Release|Any CPU.Build.0 = Release|Any CPU
	EndGlobalSection
	GlobalSection(SolutionProperties) = preSolution
		HideSolutionNode = FALSE
	EndGlobalSection
	GlobalSection(ExtensibilityGlobals) = postSolution
		SolutionGuid = {C504967C-EA66-4FF5-AC3E-34EA4893E0AE}
	EndGlobalSection
EndGlobal
